// !$*UTF8*$!
{
	archiveVersion = 1;
	classes = {
	};
	objectVersion = 56;
	objects = {

/* Begin PBXBuildFile section */
		9301E7F12C87489700381CA7 /* einkApp.swift in Sources */ = {isa = PBXBuildFile; fileRef = 9301E7F02C87489700381CA7 /* einkApp.swift */; };
		9301E7F32C87489700381CA7 /* ContentView.swift in Sources */ = {isa = PBXBuildFile; fileRef = 9301E7F22C87489700381CA7 /* ContentView.swift */; };
		9301E7F52C87489800381CA7 /* Assets.xcassets in Resources */ = {isa = PBXBuildFile; fileRef = 9301E7F42C87489800381CA7 /* Assets.xcassets */; };
		9301E7F82C87489800381CA7 /* Preview Assets.xcassets in Resources */ = {isa = PBXBuildFile; fileRef = 9301E7F72C87489800381CA7 /* Preview Assets.xcassets */; };
		9301E7FA2C87489800381CA7 /* Persistence.swift in Sources */ = {isa = PBXBuildFile; fileRef = 9301E7F92C87489800381CA7 /* Persistence.swift */; };
		9301E7FD2C87489800381CA7 /* eink.xcdatamodeld in Sources */ = {isa = PBXBuildFile; fileRef = 9301E7FB2C87489800381CA7 /* eink.xcdatamodeld */; };
		9301E8072C87489900381CA7 /* einkTests.swift in Sources */ = {isa = PBXBuildFile; fileRef = 9301E8062C87489900381CA7 /* einkTests.swift */; };
		9301E8112C87489900381CA7 /* einkUITests.swift in Sources */ = {isa = PBXBuildFile; fileRef = 9301E8102C87489900381CA7 /* einkUITests.swift */; };
		9301E8132C87489900381CA7 /* einkUITestsLaunchTests.swift in Sources */ = {isa = PBXBuildFile; fileRef = 9301E8122C87489900381CA7 /* einkUITestsLaunchTests.swift */; };
		930BDA8B2C8B32F1008672C5 /* Device.swift in Sources */ = {isa = PBXBuildFile; fileRef = 930BDA8A2C8B32F1008672C5 /* Device.swift */; };
		930BDA8D2C8B3AE5008672C5 /* OnboardingView.swift in Sources */ = {isa = PBXBuildFile; fileRef = 930BDA8C2C8B3AE5008672C5 /* OnboardingView.swift */; };
		930BDA8F2C8B4FB5008672C5 /* DeviceCard.swift in Sources */ = {isa = PBXBuildFile; fileRef = 930BDA8E2C8B4FB5008672C5 /* DeviceCard.swift */; };
		930BDA922C8C436E008672C5 /* ColorExtension.swift in Sources */ = {isa = PBXBuildFile; fileRef = 930BDA912C8C436E008672C5 /* ColorExtension.swift */; };
		933EFF912C99CC9000856EE1 /* FetchRequest.swift in Sources */ = {isa = PBXBuildFile; fileRef = 933EFF902C99CC9000856EE1 /* FetchRequest.swift */; };
		933EFF942C9B06F500856EE1 /* SwiftfulLoadingIndicators in Frameworks */ = {isa = PBXBuildFile; productRef = 933EFF932C9B06F500856EE1 /* SwiftfulLoadingIndicators */; };
		933EFF962C9B130900856EE1 /* GestureView.swift in Sources */ = {isa = PBXBuildFile; fileRef = 933EFF952C9B130900856EE1 /* GestureView.swift */; };
		936D15DC2C88A68C00066274 /* AppRouter.swift in Sources */ = {isa = PBXBuildFile; fileRef = 936D15DB2C88A68C00066274 /* AppRouter.swift */; };
		936D15E32C88A9DD00066274 /* HomeView.swift in Sources */ = {isa = PBXBuildFile; fileRef = 936D15E22C88A9DD00066274 /* HomeView.swift */; };
		936D15E52C88AA2500066274 /* CatagoryView.swift in Sources */ = {isa = PBXBuildFile; fileRef = 936D15E42C88AA2500066274 /* CatagoryView.swift */; };
		936D15E92C88AA8200066274 /* FavoriteView.swift in Sources */ = {isa = PBXBuildFile; fileRef = 936D15E82C88AA8200066274 /* FavoriteView.swift */; };
		936D15EB2C88AAA500066274 /* ProfileView.swift in Sources */ = {isa = PBXBuildFile; fileRef = 936D15EA2C88AAA400066274 /* ProfileView.swift */; };
		936D15EF2C89D91600066274 /* GuideView.swift in Sources */ = {isa = PBXBuildFile; fileRef = 936D15EE2C89D91600066274 /* GuideView.swift */; };
		936D15F22C89DC1F00066274 /* DiscoverView.swift in Sources */ = {isa = PBXBuildFile; fileRef = 936D15F12C89DC1F00066274 /* DiscoverView.swift */; };
		936D15F52C89F74100066274 /* TabbarView.swift in Sources */ = {isa = PBXBuildFile; fileRef = 936D15F42C89F74100066274 /* TabbarView.swift */; };
		93E4B4FC2C8C4EA10094DEDD /* FontExtension.swift in Sources */ = {isa = PBXBuildFile; fileRef = 93E4B4FB2C8C4EA10094DEDD /* FontExtension.swift */; };
		93F292382C91E07800ECCE35 /* LanguageView.swift in Sources */ = {isa = PBXBuildFile; fileRef = 93F292372C91E07800ECCE35 /* LanguageView.swift */; };
		93F2923E2C91E4B300ECCE35 /* TriangleGrid.swift in Sources */ = {isa = PBXBuildFile; fileRef = 93F2923D2C91E4B300ECCE35 /* TriangleGrid.swift */; };
		93F292442C947C3A00ECCE35 /* ViewExtension.swift in Sources */ = {isa = PBXBuildFile; fileRef = 93F292432C947C3A00ECCE35 /* ViewExtension.swift */; };
		93F2924A2C95D1ED00ECCE35 /* DiscoverView.Model.swift in Sources */ = {isa = PBXBuildFile; fileRef = 93F292492C95D1ED00ECCE35 /* DiscoverView.Model.swift */; };
		93F2924C2C95D6E900ECCE35 /* Design.swift in Sources */ = {isa = PBXBuildFile; fileRef = 93F2924B2C95D6E900ECCE35 /* Design.swift */; };
		93F2924E2C96671400ECCE35 /* StringExtension.swift in Sources */ = {isa = PBXBuildFile; fileRef = 93F2924D2C96671400ECCE35 /* StringExtension.swift */; };
		93F292502C96751800ECCE35 /* DIYView.swift in Sources */ = {isa = PBXBuildFile; fileRef = 93F2924F2C96751800ECCE35 /* DIYView.swift */; };
		93F292522C96916300ECCE35 /* DIYPanel.swift in Sources */ = {isa = PBXBuildFile; fileRef = 93F292512C96916300ECCE35 /* DIYPanel.swift */; };
		93F292542C96945300ECCE35 /* FavoriteButton.swift in Sources */ = {isa = PBXBuildFile; fileRef = 93F292532C96945300ECCE35 /* FavoriteButton.swift */; };
		93F292562C96AC3800ECCE35 /* ColorGrid.swift in Sources */ = {isa = PBXBuildFile; fileRef = 93F292552C96AC3800ECCE35 /* ColorGrid.swift */; };
		93F292582C96C4CF00ECCE35 /* OperationButton.swift in Sources */ = {isa = PBXBuildFile; fileRef = 93F292572C96C4CF00ECCE35 /* OperationButton.swift */; };
		93F2925B2C98629100ECCE35 /* TriangleView.swift in Sources */ = {isa = PBXBuildFile; fileRef = 93F2925A2C98629100ECCE35 /* TriangleView.swift */; };
		93F332C52C8F36FD00C01091 /* PresetCard.swift in Sources */ = {isa = PBXBuildFile; fileRef = 93F332C42C8F36FD00C01091 /* PresetCard.swift */; };
		93F332C72C8F3DF400C01091 /* PresetGridView.swift in Sources */ = {isa = PBXBuildFile; fileRef = 93F332C62C8F3DF400C01091 /* PresetGridView.swift */; };
		93F332C92C8F3F2100C01091 /* PresetView.swift in Sources */ = {isa = PBXBuildFile; fileRef = 93F332C82C8F3F2100C01091 /* PresetView.swift */; };
		93F332CF2C91C4E000C01091 /* SliderCard.swift in Sources */ = {isa = PBXBuildFile; fileRef = 93F332CE2C91C4E000C01091 /* SliderCard.swift */; };
		93F332D12C91C52E00C01091 /* SliderView.swift in Sources */ = {isa = PBXBuildFile; fileRef = 93F332D02C91C52E00C01091 /* SliderView.swift */; };
/* End PBXBuildFile section */

/* Begin PBXContainerItemProxy section */
		9301E8032C87489900381CA7 /* PBXContainerItemProxy */ = {
			isa = PBXContainerItemProxy;
			containerPortal = 9301E7E52C87489700381CA7 /* Project object */;
			proxyType = 1;
			remoteGlobalIDString = 9301E7EC2C87489700381CA7;
			remoteInfo = eink;
		};
		9301E80D2C87489900381CA7 /* PBXContainerItemProxy */ = {
			isa = PBXContainerItemProxy;
			containerPortal = 9301E7E52C87489700381CA7 /* Project object */;
			proxyType = 1;
			remoteGlobalIDString = 9301E7EC2C87489700381CA7;
			remoteInfo = eink;
		};
/* End PBXContainerItemProxy section */

/* Begin PBXFileReference section */
		9301E7ED2C87489700381CA7 /* eink.app */ = {isa = PBXFileReference; explicitFileType = wrapper.application; includeInIndex = 0; path = eink.app; sourceTree = BUILT_PRODUCTS_DIR; };
		9301E7F02C87489700381CA7 /* einkApp.swift */ = {isa = PBXFileReference; lastKnownFileType = sourcecode.swift; path = einkApp.swift; sourceTree = "<group>"; };
		9301E7F22C87489700381CA7 /* ContentView.swift */ = {isa = PBXFileReference; lastKnownFileType = sourcecode.swift; path = ContentView.swift; sourceTree = "<group>"; };
		9301E7F42C87489800381CA7 /* Assets.xcassets */ = {isa = PBXFileReference; lastKnownFileType = folder.assetcatalog; path = Assets.xcassets; sourceTree = "<group>"; };
		9301E7F72C87489800381CA7 /* Preview Assets.xcassets */ = {isa = PBXFileReference; lastKnownFileType = folder.assetcatalog; path = "Preview Assets.xcassets"; sourceTree = "<group>"; };
		9301E7F92C87489800381CA7 /* Persistence.swift */ = {isa = PBXFileReference; lastKnownFileType = sourcecode.swift; path = Persistence.swift; sourceTree = "<group>"; };
		9301E7FC2C87489800381CA7 /* eink.xcdatamodel */ = {isa = PBXFileReference; lastKnownFileType = wrapper.xcdatamodel; path = eink.xcdatamodel; sourceTree = "<group>"; };
		9301E8022C87489900381CA7 /* einkTests.xctest */ = {isa = PBXFileReference; explicitFileType = wrapper.cfbundle; includeInIndex = 0; path = einkTests.xctest; sourceTree = BUILT_PRODUCTS_DIR; };
		9301E8062C87489900381CA7 /* einkTests.swift */ = {isa = PBXFileReference; lastKnownFileType = sourcecode.swift; path = einkTests.swift; sourceTree = "<group>"; };
		9301E80C2C87489900381CA7 /* einkUITests.xctest */ = {isa = PBXFileReference; explicitFileType = wrapper.cfbundle; includeInIndex = 0; path = einkUITests.xctest; sourceTree = BUILT_PRODUCTS_DIR; };
		9301E8102C87489900381CA7 /* einkUITests.swift */ = {isa = PBXFileReference; lastKnownFileType = sourcecode.swift; path = einkUITests.swift; sourceTree = "<group>"; };
		9301E8122C87489900381CA7 /* einkUITestsLaunchTests.swift */ = {isa = PBXFileReference; lastKnownFileType = sourcecode.swift; path = einkUITestsLaunchTests.swift; sourceTree = "<group>"; };
		930BDA8A2C8B32F1008672C5 /* Device.swift */ = {isa = PBXFileReference; lastKnownFileType = sourcecode.swift; path = Device.swift; sourceTree = "<group>"; };
		930BDA8C2C8B3AE5008672C5 /* OnboardingView.swift */ = {isa = PBXFileReference; lastKnownFileType = sourcecode.swift; path = OnboardingView.swift; sourceTree = "<group>"; };
		930BDA8E2C8B4FB5008672C5 /* DeviceCard.swift */ = {isa = PBXFileReference; lastKnownFileType = sourcecode.swift; path = DeviceCard.swift; sourceTree = "<group>"; };
		930BDA912C8C436E008672C5 /* ColorExtension.swift */ = {isa = PBXFileReference; lastKnownFileType = sourcecode.swift; path = ColorExtension.swift; sourceTree = "<group>"; };
		933EFF902C99CC9000856EE1 /* FetchRequest.swift */ = {isa = PBXFileReference; lastKnownFileType = sourcecode.swift; path = FetchRequest.swift; sourceTree = "<group>"; };
		933EFF952C9B130900856EE1 /* GestureView.swift */ = {isa = PBXFileReference; lastKnownFileType = sourcecode.swift; path = GestureView.swift; sourceTree = "<group>"; };
		936D15DB2C88A68C00066274 /* AppRouter.swift */ = {isa = PBXFileReference; lastKnownFileType = sourcecode.swift; path = AppRouter.swift; sourceTree = "<group>"; };
		936D15E22C88A9DD00066274 /* HomeView.swift */ = {isa = PBXFileReference; lastKnownFileType = sourcecode.swift; path = HomeView.swift; sourceTree = "<group>"; };
		936D15E42C88AA2500066274 /* CatagoryView.swift */ = {isa = PBXFileReference; lastKnownFileType = sourcecode.swift; path = CatagoryView.swift; sourceTree = "<group>"; };
		936D15E82C88AA8200066274 /* FavoriteView.swift */ = {isa = PBXFileReference; lastKnownFileType = sourcecode.swift; path = FavoriteView.swift; sourceTree = "<group>"; };
		936D15EA2C88AAA400066274 /* ProfileView.swift */ = {isa = PBXFileReference; lastKnownFileType = sourcecode.swift; path = ProfileView.swift; sourceTree = "<group>"; };
		936D15EE2C89D91600066274 /* GuideView.swift */ = {isa = PBXFileReference; lastKnownFileType = sourcecode.swift; path = GuideView.swift; sourceTree = "<group>"; };
		936D15F12C89DC1F00066274 /* DiscoverView.swift */ = {isa = PBXFileReference; lastKnownFileType = sourcecode.swift; path = DiscoverView.swift; sourceTree = "<group>"; };
		936D15F42C89F74100066274 /* TabbarView.swift */ = {isa = PBXFileReference; lastKnownFileType = sourcecode.swift; path = TabbarView.swift; sourceTree = "<group>"; };
		93E4B4FB2C8C4EA10094DEDD /* FontExtension.swift */ = {isa = PBXFileReference; lastKnownFileType = sourcecode.swift; path = FontExtension.swift; sourceTree = "<group>"; };
		93F292372C91E07800ECCE35 /* LanguageView.swift */ = {isa = PBXFileReference; lastKnownFileType = sourcecode.swift; path = LanguageView.swift; sourceTree = "<group>"; };
		93F2923D2C91E4B300ECCE35 /* TriangleGrid.swift */ = {isa = PBXFileReference; lastKnownFileType = sourcecode.swift; path = TriangleGrid.swift; sourceTree = "<group>"; };
		93F292432C947C3A00ECCE35 /* ViewExtension.swift */ = {isa = PBXFileReference; lastKnownFileType = sourcecode.swift; path = ViewExtension.swift; sourceTree = "<group>"; };
		93F292492C95D1ED00ECCE35 /* DiscoverView.Model.swift */ = {isa = PBXFileReference; lastKnownFileType = sourcecode.swift; path = DiscoverView.Model.swift; sourceTree = "<group>"; };
		93F2924B2C95D6E900ECCE35 /* Design.swift */ = {isa = PBXFileReference; lastKnownFileType = sourcecode.swift; path = Design.swift; sourceTree = "<group>"; };
		93F2924D2C96671400ECCE35 /* StringExtension.swift */ = {isa = PBXFileReference; lastKnownFileType = sourcecode.swift; path = StringExtension.swift; sourceTree = "<group>"; };
		93F2924F2C96751800ECCE35 /* DIYView.swift */ = {isa = PBXFileReference; lastKnownFileType = sourcecode.swift; path = DIYView.swift; sourceTree = "<group>"; };
		93F292512C96916300ECCE35 /* DIYPanel.swift */ = {isa = PBXFileReference; lastKnownFileType = sourcecode.swift; path = DIYPanel.swift; sourceTree = "<group>"; };
		93F292532C96945300ECCE35 /* FavoriteButton.swift */ = {isa = PBXFileReference; lastKnownFileType = sourcecode.swift; path = FavoriteButton.swift; sourceTree = "<group>"; };
		93F292552C96AC3800ECCE35 /* ColorGrid.swift */ = {isa = PBXFileReference; lastKnownFileType = sourcecode.swift; path = ColorGrid.swift; sourceTree = "<group>"; };
		93F292572C96C4CF00ECCE35 /* OperationButton.swift */ = {isa = PBXFileReference; lastKnownFileType = sourcecode.swift; path = OperationButton.swift; sourceTree = "<group>"; };
		93F2925A2C98629100ECCE35 /* TriangleView.swift */ = {isa = PBXFileReference; lastKnownFileType = sourcecode.swift; path = TriangleView.swift; sourceTree = "<group>"; };
		93F332C42C8F36FD00C01091 /* PresetCard.swift */ = {isa = PBXFileReference; lastKnownFileType = sourcecode.swift; path = PresetCard.swift; sourceTree = "<group>"; };
		93F332C62C8F3DF400C01091 /* PresetGridView.swift */ = {isa = PBXFileReference; lastKnownFileType = sourcecode.swift; path = PresetGridView.swift; sourceTree = "<group>"; };
		93F332C82C8F3F2100C01091 /* PresetView.swift */ = {isa = PBXFileReference; lastKnownFileType = sourcecode.swift; path = PresetView.swift; sourceTree = "<group>"; };
		93F332CE2C91C4E000C01091 /* SliderCard.swift */ = {isa = PBXFileReference; lastKnownFileType = sourcecode.swift; path = SliderCard.swift; sourceTree = "<group>"; };
		93F332D02C91C52E00C01091 /* SliderView.swift */ = {isa = PBXFileReference; lastKnownFileType = sourcecode.swift; path = SliderView.swift; sourceTree = "<group>"; };
/* End PBXFileReference section */

/* Begin PBXFrameworksBuildPhase section */
		9301E7EA2C87489700381CA7 /* Frameworks */ = {
			isa = PBXFrameworksBuildPhase;
			buildActionMask = 2147483647;
			files = (
				933EFF942C9B06F500856EE1 /* SwiftfulLoadingIndicators in Frameworks */,
			);
			runOnlyForDeploymentPostprocessing = 0;
		};
		9301E7FF2C87489900381CA7 /* Frameworks */ = {
			isa = PBXFrameworksBuildPhase;
			buildActionMask = 2147483647;
			files = (
			);
			runOnlyForDeploymentPostprocessing = 0;
		};
		9301E8092C87489900381CA7 /* Frameworks */ = {
			isa = PBXFrameworksBuildPhase;
			buildActionMask = 2147483647;
			files = (
			);
			runOnlyForDeploymentPostprocessing = 0;
		};
/* End PBXFrameworksBuildPhase section */

/* Begin PBXGroup section */
		9301E7E42C87489700381CA7 = {
			isa = PBXGroup;
			children = (
				9301E7EF2C87489700381CA7 /* eink */,
				9301E8052C87489900381CA7 /* einkTests */,
				9301E80F2C87489900381CA7 /* einkUITests */,
				9301E7EE2C87489700381CA7 /* Products */,
			);
			sourceTree = "<group>";
		};
		9301E7EE2C87489700381CA7 /* Products */ = {
			isa = PBXGroup;
			children = (
				9301E7ED2C87489700381CA7 /* eink.app */,
				9301E8022C87489900381CA7 /* einkTests.xctest */,
				9301E80C2C87489900381CA7 /* einkUITests.xctest */,
			);
			name = Products;
			sourceTree = "<group>";
		};
		9301E7EF2C87489700381CA7 /* eink */ = {
			isa = PBXGroup;
			children = (
				93F292452C95CC7B00ECCE35 /* CoreData */,
				930BDA902C8C4331008672C5 /* Common */,
				930BDA892C8B3297008672C5 /* AppData */,
				936D15EC2C89D8CD00066274 /* Tour */,
				936D15F02C89DBDC00066274 /* Discover */,
				936D15DA2C88A64B00066274 /* Router */,
				936D15F32C89F70B00066274 /* Tabbar */,
				936D15DD2C88A8ED00066274 /* Home */,
				936D15DE2C88A8F700066274 /* Catagory */,
				936D15DF2C88A90200066274 /* DIY */,
				936D15E02C88A92600066274 /* Favorite */,
				936D15E12C88A94500066274 /* Profile */,
				9301E7F02C87489700381CA7 /* einkApp.swift */,
				9301E7F22C87489700381CA7 /* ContentView.swift */,
				9301E7F42C87489800381CA7 /* Assets.xcassets */,
				9301E7F92C87489800381CA7 /* Persistence.swift */,
				9301E7F62C87489800381CA7 /* Preview Content */,
			);
			path = eink;
			sourceTree = "<group>";
		};
		9301E7F62C87489800381CA7 /* Preview Content */ = {
			isa = PBXGroup;
			children = (
				9301E7F72C87489800381CA7 /* Preview Assets.xcassets */,
			);
			path = "Preview Content";
			sourceTree = "<group>";
		};
		9301E8052C87489900381CA7 /* einkTests */ = {
			isa = PBXGroup;
			children = (
				9301E8062C87489900381CA7 /* einkTests.swift */,
			);
			path = einkTests;
			sourceTree = "<group>";
		};
		9301E80F2C87489900381CA7 /* einkUITests */ = {
			isa = PBXGroup;
			children = (
				9301E8102C87489900381CA7 /* einkUITests.swift */,
				9301E8122C87489900381CA7 /* einkUITestsLaunchTests.swift */,
			);
			path = einkUITests;
			sourceTree = "<group>";
		};
		930BDA892C8B3297008672C5 /* AppData */ = {
			isa = PBXGroup;
			children = (
				930BDA8A2C8B32F1008672C5 /* Device.swift */,
			);
			path = AppData;
			sourceTree = "<group>";
		};
		930BDA902C8C4331008672C5 /* Common */ = {
			isa = PBXGroup;
			children = (
				930BDA912C8C436E008672C5 /* ColorExtension.swift */,
				93E4B4FB2C8C4EA10094DEDD /* FontExtension.swift */,
				93F292432C947C3A00ECCE35 /* ViewExtension.swift */,
				93F2924D2C96671400ECCE35 /* StringExtension.swift */,
			);
			path = Common;
			sourceTree = "<group>";
		};
		936D15DA2C88A64B00066274 /* Router */ = {
			isa = PBXGroup;
			children = (
				936D15DB2C88A68C00066274 /* AppRouter.swift */,
			);
			path = Router;
			sourceTree = "<group>";
		};
		936D15DD2C88A8ED00066274 /* Home */ = {
			isa = PBXGroup;
			children = (
				93F332CA2C91C33100C01091 /* Views */,
				936D15E22C88A9DD00066274 /* HomeView.swift */,
			);
			path = Home;
			sourceTree = "<group>";
		};
		936D15DE2C88A8F700066274 /* Catagory */ = {
			isa = PBXGroup;
			children = (
				936D15E42C88AA2500066274 /* CatagoryView.swift */,
			);
			path = Catagory;
			sourceTree = "<group>";
		};
		936D15DF2C88A90200066274 /* DIY */ = {
			isa = PBXGroup;
			children = (
				93F2924F2C96751800ECCE35 /* DIYView.swift */,
				93F292592C985F8B00ECCE35 /* Views */,
			);
			path = DIY;
			sourceTree = "<group>";
		};
		936D15E02C88A92600066274 /* Favorite */ = {
			isa = PBXGroup;
			children = (
				936D15E82C88AA8200066274 /* FavoriteView.swift */,
			);
			path = Favorite;
			sourceTree = "<group>";
		};
		936D15E12C88A94500066274 /* Profile */ = {
			isa = PBXGroup;
			children = (
				936D15EA2C88AAA400066274 /* ProfileView.swift */,
				93F292372C91E07800ECCE35 /* LanguageView.swift */,
			);
			path = Profile;
			sourceTree = "<group>";
		};
		936D15EC2C89D8CD00066274 /* Tour */ = {
			isa = PBXGroup;
			children = (
				936D15EE2C89D91600066274 /* GuideView.swift */,
				930BDA8C2C8B3AE5008672C5 /* OnboardingView.swift */,
			);
			path = Tour;
			sourceTree = "<group>";
		};
		936D15F02C89DBDC00066274 /* Discover */ = {
			isa = PBXGroup;
			children = (
				936D15F12C89DC1F00066274 /* DiscoverView.swift */,
				93F292492C95D1ED00ECCE35 /* DiscoverView.Model.swift */,
				930BDA8E2C8B4FB5008672C5 /* DeviceCard.swift */,
			);
			path = Discover;
			sourceTree = "<group>";
		};
		936D15F32C89F70B00066274 /* Tabbar */ = {
			isa = PBXGroup;
			children = (
				936D15F42C89F74100066274 /* TabbarView.swift */,
			);
			path = Tabbar;
			sourceTree = "<group>";
		};
		93F292452C95CC7B00ECCE35 /* CoreData */ = {
			isa = PBXGroup;
			children = (
				933EFF902C99CC9000856EE1 /* FetchRequest.swift */,
				93F292462C95CD9F00ECCE35 /* Model */,
				9301E7FB2C87489800381CA7 /* eink.xcdatamodeld */,
			);
			path = CoreData;
			sourceTree = "<group>";
		};
		93F292462C95CD9F00ECCE35 /* Model */ = {
			isa = PBXGroup;
			children = (
				93F2924B2C95D6E900ECCE35 /* Design.swift */,
			);
			path = Model;
			sourceTree = "<group>";
		};
		93F292592C985F8B00ECCE35 /* Views */ = {
			isa = PBXGroup;
			children = (
				93F2923D2C91E4B300ECCE35 /* TriangleGrid.swift */,
				93F292552C96AC3800ECCE35 /* ColorGrid.swift */,
				93F292512C96916300ECCE35 /* DIYPanel.swift */,
				93F292532C96945300ECCE35 /* FavoriteButton.swift */,
				93F292572C96C4CF00ECCE35 /* OperationButton.swift */,
				93F2925A2C98629100ECCE35 /* TriangleView.swift */,
				933EFF952C9B130900856EE1 /* GestureView.swift */,
			);
			path = Views;
			sourceTree = "<group>";
		};
		93F332CA2C91C33100C01091 /* Views */ = {
			isa = PBXGroup;
			children = (
				93F332CC2C91C36500C01091 /* Slider */,
				93F332CB2C91C35400C01091 /* Preset */,
			);
			path = Views;
			sourceTree = "<group>";
		};
		93F332CB2C91C35400C01091 /* Preset */ = {
			isa = PBXGroup;
			children = (
				93F332C62C8F3DF400C01091 /* PresetGridView.swift */,
				93F332C42C8F36FD00C01091 /* PresetCard.swift */,
				93F332C82C8F3F2100C01091 /* PresetView.swift */,
			);
			path = Preset;
			sourceTree = "<group>";
		};
		93F332CC2C91C36500C01091 /* Slider */ = {
			isa = PBXGroup;
			children = (
				93F332CE2C91C4E000C01091 /* SliderCard.swift */,
				93F332D02C91C52E00C01091 /* SliderView.swift */,
			);
			path = Slider;
			sourceTree = "<group>";
		};
/* End PBXGroup section */

/* Begin PBXNativeTarget section */
		9301E7EC2C87489700381CA7 /* eink */ = {
			isa = PBXNativeTarget;
			buildConfigurationList = 9301E8162C87489900381CA7 /* Build configuration list for PBXNativeTarget "eink" */;
			buildPhases = (
				9301E7E92C87489700381CA7 /* Sources */,
				9301E7EA2C87489700381CA7 /* Frameworks */,
				9301E7EB2C87489700381CA7 /* Resources */,
			);
			buildRules = (
			);
			dependencies = (
			);
			name = eink;
			packageProductDependencies = (
				933EFF932C9B06F500856EE1 /* SwiftfulLoadingIndicators */,
			);
			productName = eink;
			productReference = 9301E7ED2C87489700381CA7 /* eink.app */;
			productType = "com.apple.product-type.application";
		};
		9301E8012C87489900381CA7 /* einkTests */ = {
			isa = PBXNativeTarget;
			buildConfigurationList = 9301E8192C87489900381CA7 /* Build configuration list for PBXNativeTarget "einkTests" */;
			buildPhases = (
				9301E7FE2C87489900381CA7 /* Sources */,
				9301E7FF2C87489900381CA7 /* Frameworks */,
				9301E8002C87489900381CA7 /* Resources */,
			);
			buildRules = (
			);
			dependencies = (
				9301E8042C87489900381CA7 /* PBXTargetDependency */,
			);
			name = einkTests;
			productName = einkTests;
			productReference = 9301E8022C87489900381CA7 /* einkTests.xctest */;
			productType = "com.apple.product-type.bundle.unit-test";
		};
		9301E80B2C87489900381CA7 /* einkUITests */ = {
			isa = PBXNativeTarget;
			buildConfigurationList = 9301E81C2C87489900381CA7 /* Build configuration list for PBXNativeTarget "einkUITests" */;
			buildPhases = (
				9301E8082C87489900381CA7 /* Sources */,
				9301E8092C87489900381CA7 /* Frameworks */,
				9301E80A2C87489900381CA7 /* Resources */,
			);
			buildRules = (
			);
			dependencies = (
				9301E80E2C87489900381CA7 /* PBXTargetDependency */,
			);
			name = einkUITests;
			productName = einkUITests;
			productReference = 9301E80C2C87489900381CA7 /* einkUITests.xctest */;
			productType = "com.apple.product-type.bundle.ui-testing";
		};
/* End PBXNativeTarget section */

/* Begin PBXProject section */
		9301E7E52C87489700381CA7 /* Project object */ = {
			isa = PBXProject;
			attributes = {
				BuildIndependentTargetsInParallel = 1;
				LastSwiftUpdateCheck = 1520;
				LastUpgradeCheck = 1520;
				TargetAttributes = {
					9301E7EC2C87489700381CA7 = {
						CreatedOnToolsVersion = 15.2;
					};
					9301E8012C87489900381CA7 = {
						CreatedOnToolsVersion = 15.2;
						TestTargetID = 9301E7EC2C87489700381CA7;
					};
					9301E80B2C87489900381CA7 = {
						CreatedOnToolsVersion = 15.2;
						TestTargetID = 9301E7EC2C87489700381CA7;
					};
				};
			};
			buildConfigurationList = 9301E7E82C87489700381CA7 /* Build configuration list for PBXProject "eink" */;
			compatibilityVersion = "Xcode 14.0";
			developmentRegion = en;
			hasScannedForEncodings = 0;
			knownRegions = (
				en,
				Base,
			);
			mainGroup = 9301E7E42C87489700381CA7;
			packageReferences = (
				933EFF922C9B06F500856EE1 /* XCRemoteSwiftPackageReference "SwiftfulLoadingIndicators" */,
			);
			productRefGroup = 9301E7EE2C87489700381CA7 /* Products */;
			projectDirPath = "";
			projectRoot = "";
			targets = (
				9301E7EC2C87489700381CA7 /* eink */,
				9301E8012C87489900381CA7 /* einkTests */,
				9301E80B2C87489900381CA7 /* einkUITests */,
			);
		};
/* End PBXProject section */

/* Begin PBXResourcesBuildPhase section */
		9301E7EB2C87489700381CA7 /* Resources */ = {
			isa = PBXResourcesBuildPhase;
			buildActionMask = 2147483647;
			files = (
				9301E7F82C87489800381CA7 /* Preview Assets.xcassets in Resources */,
				9301E7F52C87489800381CA7 /* Assets.xcassets in Resources */,
			);
			runOnlyForDeploymentPostprocessing = 0;
		};
		9301E8002C87489900381CA7 /* Resources */ = {
			isa = PBXResourcesBuildPhase;
			buildActionMask = 2147483647;
			files = (
			);
			runOnlyForDeploymentPostprocessing = 0;
		};
		9301E80A2C87489900381CA7 /* Resources */ = {
			isa = PBXResourcesBuildPhase;
			buildActionMask = 2147483647;
			files = (
			);
			runOnlyForDeploymentPostprocessing = 0;
		};
/* End PBXResourcesBuildPhase section */

/* Begin PBXSourcesBuildPhase section */
		9301E7E92C87489700381CA7 /* Sources */ = {
			isa = PBXSourcesBuildPhase;
			buildActionMask = 2147483647;
			files = (
				9301E7FD2C87489800381CA7 /* eink.xcdatamodeld in Sources */,
				93F2924E2C96671400ECCE35 /* StringExtension.swift in Sources */,
				933EFF962C9B130900856EE1 /* GestureView.swift in Sources */,
				9301E7FA2C87489800381CA7 /* Persistence.swift in Sources */,
				936D15EB2C88AAA500066274 /* ProfileView.swift in Sources */,
				930BDA8D2C8B3AE5008672C5 /* OnboardingView.swift in Sources */,
				93F292382C91E07800ECCE35 /* LanguageView.swift in Sources */,
				93F2925B2C98629100ECCE35 /* TriangleView.swift in Sources */,
				9301E7F32C87489700381CA7 /* ContentView.swift in Sources */,
				93F332C52C8F36FD00C01091 /* PresetCard.swift in Sources */,
				93F292582C96C4CF00ECCE35 /* OperationButton.swift in Sources */,
				93F2924A2C95D1ED00ECCE35 /* DiscoverView.Model.swift in Sources */,
				93F292542C96945300ECCE35 /* FavoriteButton.swift in Sources */,
				930BDA8F2C8B4FB5008672C5 /* DeviceCard.swift in Sources */,
				93F292562C96AC3800ECCE35 /* ColorGrid.swift in Sources */,
				93F2924C2C95D6E900ECCE35 /* Design.swift in Sources */,
				93F332C72C8F3DF400C01091 /* PresetGridView.swift in Sources */,
				93F332D12C91C52E00C01091 /* SliderView.swift in Sources */,
				93F292442C947C3A00ECCE35 /* ViewExtension.swift in Sources */,
				93E4B4FC2C8C4EA10094DEDD /* FontExtension.swift in Sources */,
				930BDA922C8C436E008672C5 /* ColorExtension.swift in Sources */,
				936D15E32C88A9DD00066274 /* HomeView.swift in Sources */,
				930BDA8B2C8B32F1008672C5 /* Device.swift in Sources */,
				93F332C92C8F3F2100C01091 /* PresetView.swift in Sources */,
				936D15DC2C88A68C00066274 /* AppRouter.swift in Sources */,
				93F2923E2C91E4B300ECCE35 /* TriangleGrid.swift in Sources */,
				933EFF912C99CC9000856EE1 /* FetchRequest.swift in Sources */,
				9301E7F12C87489700381CA7 /* einkApp.swift in Sources */,
				93F292502C96751800ECCE35 /* DIYView.swift in Sources */,
				936D15EF2C89D91600066274 /* GuideView.swift in Sources */,
				936D15E92C88AA8200066274 /* FavoriteView.swift in Sources */,
				936D15E52C88AA2500066274 /* CatagoryView.swift in Sources */,
				936D15F22C89DC1F00066274 /* DiscoverView.swift in Sources */,
				93F332CF2C91C4E000C01091 /* SliderCard.swift in Sources */,
				936D15F52C89F74100066274 /* TabbarView.swift in Sources */,
				93F292522C96916300ECCE35 /* DIYPanel.swift in Sources */,
			);
			runOnlyForDeploymentPostprocessing = 0;
		};
		9301E7FE2C87489900381CA7 /* Sources */ = {
			isa = PBXSourcesBuildPhase;
			buildActionMask = 2147483647;
			files = (
				9301E8072C87489900381CA7 /* einkTests.swift in Sources */,
			);
			runOnlyForDeploymentPostprocessing = 0;
		};
		9301E8082C87489900381CA7 /* Sources */ = {
			isa = PBXSourcesBuildPhase;
			buildActionMask = 2147483647;
			files = (
				9301E8112C87489900381CA7 /* einkUITests.swift in Sources */,
				9301E8132C87489900381CA7 /* einkUITestsLaunchTests.swift in Sources */,
			);
			runOnlyForDeploymentPostprocessing = 0;
		};
/* End PBXSourcesBuildPhase section */

/* Begin PBXTargetDependency section */
		9301E8042C87489900381CA7 /* PBXTargetDependency */ = {
			isa = PBXTargetDependency;
			target = 9301E7EC2C87489700381CA7 /* eink */;
			targetProxy = 9301E8032C87489900381CA7 /* PBXContainerItemProxy */;
		};
		9301E80E2C87489900381CA7 /* PBXTargetDependency */ = {
			isa = PBXTargetDependency;
			target = 9301E7EC2C87489700381CA7 /* eink */;
			targetProxy = 9301E80D2C87489900381CA7 /* PBXContainerItemProxy */;
		};
/* End PBXTargetDependency section */

/* Begin XCBuildConfiguration section */
		9301E8142C87489900381CA7 /* Debug */ = {
			isa = XCBuildConfiguration;
			buildSettings = {
				ALWAYS_SEARCH_USER_PATHS = NO;
				ASSETCATALOG_COMPILER_GENERATE_SWIFT_ASSET_SYMBOL_EXTENSIONS = YES;
				CLANG_ANALYZER_NONNULL = YES;
				CLANG_ANALYZER_NUMBER_OBJECT_CONVERSION = YES_AGGRESSIVE;
				CLANG_CXX_LANGUAGE_STANDARD = "gnu++20";
				CLANG_ENABLE_MODULES = YES;
				CLANG_ENABLE_OBJC_ARC = YES;
				CLANG_ENABLE_OBJC_WEAK = YES;
				CLANG_WARN_BLOCK_CAPTURE_AUTORELEASING = YES;
				CLANG_WARN_BOOL_CONVERSION = YES;
				CLANG_WARN_COMMA = YES;
				CLANG_WARN_CONSTANT_CONVERSION = YES;
				CLANG_WARN_DEPRECATED_OBJC_IMPLEMENTATIONS = YES;
				CLANG_WARN_DIRECT_OBJC_ISA_USAGE = YES_ERROR;
				CLANG_WARN_DOCUMENTATION_COMMENTS = YES;
				CLANG_WARN_EMPTY_BODY = YES;
				CLANG_WARN_ENUM_CONVERSION = YES;
				CLANG_WARN_INFINITE_RECURSION = YES;
				CLANG_WARN_INT_CONVERSION = YES;
				CLANG_WARN_NON_LITERAL_NULL_CONVERSION = YES;
				CLANG_WARN_OBJC_IMPLICIT_RETAIN_SELF = YES;
				CLANG_WARN_OBJC_LITERAL_CONVERSION = YES;
				CLANG_WARN_OBJC_ROOT_CLASS = YES_ERROR;
				CLANG_WARN_QUOTED_INCLUDE_IN_FRAMEWORK_HEADER = YES;
				CLANG_WARN_RANGE_LOOP_ANALYSIS = YES;
				CLANG_WARN_STRICT_PROTOTYPES = YES;
				CLANG_WARN_SUSPICIOUS_MOVE = YES;
				CLANG_WARN_UNGUARDED_AVAILABILITY = YES_AGGRESSIVE;
				CLANG_WARN_UNREACHABLE_CODE = YES;
				CLANG_WARN__DUPLICATE_METHOD_MATCH = YES;
				COPY_PHASE_STRIP = NO;
				DEBUG_INFORMATION_FORMAT = dwarf;
				ENABLE_STRICT_OBJC_MSGSEND = YES;
				ENABLE_TESTABILITY = YES;
				ENABLE_USER_SCRIPT_SANDBOXING = YES;
				GCC_C_LANGUAGE_STANDARD = gnu17;
				GCC_DYNAMIC_NO_PIC = NO;
				GCC_NO_COMMON_BLOCKS = YES;
				GCC_OPTIMIZATION_LEVEL = 0;
				GCC_PREPROCESSOR_DEFINITIONS = (
					"DEBUG=1",
					"$(inherited)",
				);
				GCC_WARN_64_TO_32_BIT_CONVERSION = YES;
				GCC_WARN_ABOUT_RETURN_TYPE = YES_ERROR;
				GCC_WARN_UNDECLARED_SELECTOR = YES;
				GCC_WARN_UNINITIALIZED_AUTOS = YES_AGGRESSIVE;
				GCC_WARN_UNUSED_FUNCTION = YES;
				GCC_WARN_UNUSED_VARIABLE = YES;
				IPHONEOS_DEPLOYMENT_TARGET = 17.2;
				LOCALIZATION_PREFERS_STRING_CATALOGS = YES;
				MTL_ENABLE_DEBUG_INFO = INCLUDE_SOURCE;
				MTL_FAST_MATH = YES;
				ONLY_ACTIVE_ARCH = YES;
				SDKROOT = iphoneos;
				SWIFT_ACTIVE_COMPILATION_CONDITIONS = "DEBUG $(inherited)";
				SWIFT_OPTIMIZATION_LEVEL = "-Onone";
			};
			name = Debug;
		};
		9301E8152C87489900381CA7 /* Release */ = {
			isa = XCBuildConfiguration;
			buildSettings = {
				ALWAYS_SEARCH_USER_PATHS = NO;
				ASSETCATALOG_COMPILER_GENERATE_SWIFT_ASSET_SYMBOL_EXTENSIONS = YES;
				CLANG_ANALYZER_NONNULL = YES;
				CLANG_ANALYZER_NUMBER_OBJECT_CONVERSION = YES_AGGRESSIVE;
				CLANG_CXX_LANGUAGE_STANDARD = "gnu++20";
				CLANG_ENABLE_MODULES = YES;
				CLANG_ENABLE_OBJC_ARC = YES;
				CLANG_ENABLE_OBJC_WEAK = YES;
				CLANG_WARN_BLOCK_CAPTURE_AUTORELEASING = YES;
				CLANG_WARN_BOOL_CONVERSION = YES;
				CLANG_WARN_COMMA = YES;
				CLANG_WARN_CONSTANT_CONVERSION = YES;
				CLANG_WARN_DEPRECATED_OBJC_IMPLEMENTATIONS = YES;
				CLANG_WARN_DIRECT_OBJC_ISA_USAGE = YES_ERROR;
				CLANG_WARN_DOCUMENTATION_COMMENTS = YES;
				CLANG_WARN_EMPTY_BODY = YES;
				CLANG_WARN_ENUM_CONVERSION = YES;
				CLANG_WARN_INFINITE_RECURSION = YES;
				CLANG_WARN_INT_CONVERSION = YES;
				CLANG_WARN_NON_LITERAL_NULL_CONVERSION = YES;
				CLANG_WARN_OBJC_IMPLICIT_RETAIN_SELF = YES;
				CLANG_WARN_OBJC_LITERAL_CONVERSION = YES;
				CLANG_WARN_OBJC_ROOT_CLASS = YES_ERROR;
				CLANG_WARN_QUOTED_INCLUDE_IN_FRAMEWORK_HEADER = YES;
				CLANG_WARN_RANGE_LOOP_ANALYSIS = YES;
				CLANG_WARN_STRICT_PROTOTYPES = YES;
				CLANG_WARN_SUSPICIOUS_MOVE = YES;
				CLANG_WARN_UNGUARDED_AVAILABILITY = YES_AGGRESSIVE;
				CLANG_WARN_UNREACHABLE_CODE = YES;
				CLANG_WARN__DUPLICATE_METHOD_MATCH = YES;
				COPY_PHASE_STRIP = NO;
				DEBUG_INFORMATION_FORMAT = "dwarf-with-dsym";
				ENABLE_NS_ASSERTIONS = NO;
				ENABLE_STRICT_OBJC_MSGSEND = YES;
				ENABLE_USER_SCRIPT_SANDBOXING = YES;
				GCC_C_LANGUAGE_STANDARD = gnu17;
				GCC_NO_COMMON_BLOCKS = YES;
				GCC_WARN_64_TO_32_BIT_CONVERSION = YES;
				GCC_WARN_ABOUT_RETURN_TYPE = YES_ERROR;
				GCC_WARN_UNDECLARED_SELECTOR = YES;
				GCC_WARN_UNINITIALIZED_AUTOS = YES_AGGRESSIVE;
				GCC_WARN_UNUSED_FUNCTION = YES;
				GCC_WARN_UNUSED_VARIABLE = YES;
				IPHONEOS_DEPLOYMENT_TARGET = 17.2;
				LOCALIZATION_PREFERS_STRING_CATALOGS = YES;
				MTL_ENABLE_DEBUG_INFO = NO;
				MTL_FAST_MATH = YES;
				SDKROOT = iphoneos;
				SWIFT_COMPILATION_MODE = wholemodule;
				VALIDATE_PRODUCT = YES;
			};
			name = Release;
		};
		9301E8172C87489900381CA7 /* Debug */ = {
			isa = XCBuildConfiguration;
			buildSettings = {
				ASSETCATALOG_COMPILER_APPICON_NAME = AppIcon;
				ASSETCATALOG_COMPILER_GLOBAL_ACCENT_COLOR_NAME = AccentColor;
				CODE_SIGN_STYLE = Automatic;
				CURRENT_PROJECT_VERSION = 1;
				DEVELOPMENT_ASSET_PATHS = "\"eink/Preview Content\"";
				DEVELOPMENT_TEAM = 7K8LKXT586;
				ENABLE_PREVIEWS = YES;
				GENERATE_INFOPLIST_FILE = YES;
				INFOPLIST_KEY_UIApplicationSceneManifest_Generation = YES;
				INFOPLIST_KEY_UIApplicationSupportsIndirectInputEvents = YES;
				INFOPLIST_KEY_UILaunchScreen_Generation = YES;
				INFOPLIST_KEY_UISupportedInterfaceOrientations_iPad = "UIInterfaceOrientationPortrait UIInterfaceOrientationPortraitUpsideDown UIInterfaceOrientationLandscapeLeft UIInterfaceOrientationLandscapeRight";
				INFOPLIST_KEY_UISupportedInterfaceOrientations_iPhone = "UIInterfaceOrientationPortrait UIInterfaceOrientationLandscapeLeft UIInterfaceOrientationLandscapeRight";
				INFOPLIST_KEY_UIUserInterfaceStyle = Light;
				LD_RUNPATH_SEARCH_PATHS = (
					"$(inherited)",
					"@executable_path/Frameworks",
				);
				MARKETING_VERSION = 1.0;
				PRODUCT_BUNDLE_IDENTIFIER = com.aoc.einkapp;
				PRODUCT_NAME = "$(TARGET_NAME)";
				SWIFT_EMIT_LOC_STRINGS = YES;
				SWIFT_VERSION = 5.0;
				TARGETED_DEVICE_FAMILY = "1,2";
			};
			name = Debug;
		};
		9301E8182C87489900381CA7 /* Release */ = {
			isa = XCBuildConfiguration;
			buildSettings = {
				ASSETCATALOG_COMPILER_APPICON_NAME = AppIcon;
				ASSETCATALOG_COMPILER_GLOBAL_ACCENT_COLOR_NAME = AccentColor;
				CODE_SIGN_STYLE = Automatic;
				CURRENT_PROJECT_VERSION = 1;
				DEVELOPMENT_ASSET_PATHS = "\"eink/Preview Content\"";
				DEVELOPMENT_TEAM = 7K8LKXT586;
				ENABLE_PREVIEWS = YES;
				GENERATE_INFOPLIST_FILE = YES;
				INFOPLIST_KEY_UIApplicationSceneManifest_Generation = YES;
				INFOPLIST_KEY_UIApplicationSupportsIndirectInputEvents = YES;
				INFOPLIST_KEY_UILaunchScreen_Generation = YES;
				INFOPLIST_KEY_UISupportedInterfaceOrientations_iPad = "UIInterfaceOrientationPortrait UIInterfaceOrientationPortraitUpsideDown UIInterfaceOrientationLandscapeLeft UIInterfaceOrientationLandscapeRight";
				INFOPLIST_KEY_UISupportedInterfaceOrientations_iPhone = "UIInterfaceOrientationPortrait UIInterfaceOrientationLandscapeLeft UIInterfaceOrientationLandscapeRight";
				INFOPLIST_KEY_UIUserInterfaceStyle = Light;
				LD_RUNPATH_SEARCH_PATHS = (
					"$(inherited)",
					"@executable_path/Frameworks",
				);
				MARKETING_VERSION = 1.0;
				PRODUCT_BUNDLE_IDENTIFIER = com.aoc.einkapp;
				PRODUCT_NAME = "$(TARGET_NAME)";
				SWIFT_EMIT_LOC_STRINGS = YES;
				SWIFT_VERSION = 5.0;
				TARGETED_DEVICE_FAMILY = "1,2";
			};
			name = Release;
		};
		9301E81A2C87489900381CA7 /* Debug */ = {
			isa = XCBuildConfiguration;
			buildSettings = {
				ALWAYS_EMBED_SWIFT_STANDARD_LIBRARIES = YES;
				BUNDLE_LOADER = "$(TEST_HOST)";
				CODE_SIGN_STYLE = Automatic;
				CURRENT_PROJECT_VERSION = 1;
				DEVELOPMENT_TEAM = 7K8LKXT586;
				GENERATE_INFOPLIST_FILE = YES;
				IPHONEOS_DEPLOYMENT_TARGET = 17.2;
				MARKETING_VERSION = 1.0;
				PRODUCT_BUNDLE_IDENTIFIER = com.aoc.einkTests;
				PRODUCT_NAME = "$(TARGET_NAME)";
				SWIFT_EMIT_LOC_STRINGS = NO;
				SWIFT_VERSION = 5.0;
				TARGETED_DEVICE_FAMILY = "1,2";
				TEST_HOST = "$(BUILT_PRODUCTS_DIR)/eink.app/$(BUNDLE_EXECUTABLE_FOLDER_PATH)/eink";
			};
			name = Debug;
		};
		9301E81B2C87489900381CA7 /* Release */ = {
			isa = XCBuildConfiguration;
			buildSettings = {
				ALWAYS_EMBED_SWIFT_STANDARD_LIBRARIES = YES;
				BUNDLE_LOADER = "$(TEST_HOST)";
				CODE_SIGN_STYLE = Automatic;
				CURRENT_PROJECT_VERSION = 1;
				DEVELOPMENT_TEAM = 7K8LKXT586;
				GENERATE_INFOPLIST_FILE = YES;
				IPHONEOS_DEPLOYMENT_TARGET = 17.2;
				MARKETING_VERSION = 1.0;
				PRODUCT_BUNDLE_IDENTIFIER = com.aoc.einkTests;
				PRODUCT_NAME = "$(TARGET_NAME)";
				SWIFT_EMIT_LOC_STRINGS = NO;
				SWIFT_VERSION = 5.0;
				TARGETED_DEVICE_FAMILY = "1,2";
				TEST_HOST = "$(BUILT_PRODUCTS_DIR)/eink.app/$(BUNDLE_EXECUTABLE_FOLDER_PATH)/eink";
			};
			name = Release;
		};
		9301E81D2C87489900381CA7 /* Debug */ = {
			isa = XCBuildConfiguration;
			buildSettings = {
				ALWAYS_EMBED_SWIFT_STANDARD_LIBRARIES = YES;
				CODE_SIGN_STYLE = Automatic;
				CURRENT_PROJECT_VERSION = 1;
				DEVELOPMENT_TEAM = 7K8LKXT586;
				GENERATE_INFOPLIST_FILE = YES;
				MARKETING_VERSION = 1.0;
				PRODUCT_BUNDLE_IDENTIFIER = com.aoc.einkUITests;
				PRODUCT_NAME = "$(TARGET_NAME)";
				SWIFT_EMIT_LOC_STRINGS = NO;
				SWIFT_VERSION = 5.0;
				TARGETED_DEVICE_FAMILY = "1,2";
				TEST_TARGET_NAME = eink;
			};
			name = Debug;
		};
		9301E81E2C87489900381CA7 /* Release */ = {
			isa = XCBuildConfiguration;
			buildSettings = {
				ALWAYS_EMBED_SWIFT_STANDARD_LIBRARIES = YES;
				CODE_SIGN_STYLE = Automatic;
				CURRENT_PROJECT_VERSION = 1;
				DEVELOPMENT_TEAM = 7K8LKXT586;
				GENERATE_INFOPLIST_FILE = YES;
				MARKETING_VERSION = 1.0;
				PRODUCT_BUNDLE_IDENTIFIER = com.aoc.einkUITests;
				PRODUCT_NAME = "$(TARGET_NAME)";
				SWIFT_EMIT_LOC_STRINGS = NO;
				SWIFT_VERSION = 5.0;
				TARGETED_DEVICE_FAMILY = "1,2";
				TEST_TARGET_NAME = eink;
			};
			name = Release;
		};
/* End XCBuildConfiguration section */

/* Begin XCConfigurationList section */
		9301E7E82C87489700381CA7 /* Build configuration list for PBXProject "eink" */ = {
			isa = XCConfigurationList;
			buildConfigurations = (
				9301E8142C87489900381CA7 /* Debug */,
				9301E8152C87489900381CA7 /* Release */,
			);
			defaultConfigurationIsVisible = 0;
			defaultConfigurationName = Release;
		};
		9301E8162C87489900381CA7 /* Build configuration list for PBXNativeTarget "eink" */ = {
			isa = XCConfigurationList;
			buildConfigurations = (
				9301E8172C87489900381CA7 /* Debug */,
				9301E8182C87489900381CA7 /* Release */,
			);
			defaultConfigurationIsVisible = 0;
			defaultConfigurationName = Release;
		};
		9301E8192C87489900381CA7 /* Build configuration list for PBXNativeTarget "einkTests" */ = {
			isa = XCConfigurationList;
			buildConfigurations = (
				9301E81A2C87489900381CA7 /* Debug */,
				9301E81B2C87489900381CA7 /* Release */,
			);
			defaultConfigurationIsVisible = 0;
			defaultConfigurationName = Release;
		};
		9301E81C2C87489900381CA7 /* Build configuration list for PBXNativeTarget "einkUITests" */ = {
			isa = XCConfigurationList;
			buildConfigurations = (
				9301E81D2C87489900381CA7 /* Debug */,
				9301E81E2C87489900381CA7 /* Release */,
			);
			defaultConfigurationIsVisible = 0;
			defaultConfigurationName = Release;
		};
/* End XCConfigurationList section */

/* Begin XCRemoteSwiftPackageReference section */
		933EFF922C9B06F500856EE1 /* XCRemoteSwiftPackageReference "SwiftfulLoadingIndicators" */ = {
			isa = XCRemoteSwiftPackageReference;
			repositoryURL = "https://github.com/SwiftfulThinking/SwiftfulLoadingIndicators.git";
			requirement = {
				kind = upToNextMajorVersion;
				minimumVersion = 0.0.4;
			};
		};
/* End XCRemoteSwiftPackageReference section */

/* Begin XCSwiftPackageProductDependency section */
		933EFF932C9B06F500856EE1 /* SwiftfulLoadingIndicators */ = {
			isa = XCSwiftPackageProductDependency;
			package = 933EFF922C9B06F500856EE1 /* XCRemoteSwiftPackageReference "SwiftfulLoadingIndicators" */;
			productName = SwiftfulLoadingIndicators;
		};
/* End XCSwiftPackageProductDependency section */

/* Begin XCVersionGroup section */
		9301E7FB2C87489800381CA7 /* eink.xcdatamodeld */ = {
			isa = XCVersionGroup;
			children = (
				9301E7FC2C87489800381CA7 /* eink.xcdatamodel */,
			);
			currentVersion = 9301E7FC2C87489800381CA7 /* eink.xcdatamodel */;
			path = eink.xcdatamodeld;
			sourceTree = "<group>";
			versionGroupType = wrapper.xcdatamodel;
		};
/* End XCVersionGroup section */
	};
	rootObject = 9301E7E52C87489700381CA7 /* Project object */;
}
